
Microsoft Visual Studio Solution File, Format Version 10.00
# Visual Studio 2008
Project("{F184B08F-C81C-45F6-A57F-5ABD9991F28F}") = "WindowsApplication1", "WindowsApplication1\WindowsApplication1.vbproj", "{DBE92750-2AFA-406E-8691-C6643034FB16}"
EndProject
Global
	GlobalSection(SolutionConfigurationPlatforms) = preSolution
		Debug|Any CPU = Debug|Any CPU
		Release|Any CPU = Release|Any CPU
	EndGlobalSection
	GlobalSection(ProjectConfigurationPlatforms) = postSolution
		{DBE92750-2AFA-406E-8691-C6643034FB16}.Debug|Any CPU.ActiveCfg = Debug|Any CPU
		{DBE92750-2AFA-406E-8691-C6643034FB16}.Debug|Any CPU.Build.0 = Debug|Any CPU
		{DBE92750-2AFA-406E-8691-C6643034FB16}.Release|Any CPU.ActiveCfg = Release|Any CPU
		{DBE92750-2AFA-406E-8691-C6643034FB16}.Release|Any CPU.Build.0 = Release|Any CPU
	EndGlobalSection
	GlobalSection(SolutionProperties) = preSolution
		HideSolutionNode = FALSE
	EndGlobalSection
EndGlobal
